// !$*UTF8*$!
{
	archiveVersion = 1;
	classes = {
	};
	objectVersion = 56;
	objects = {

/* Begin PBXBuildFile section */
		924235F629AB7F5400341428 /* TasksTableViewController.swift in Sources */ = {isa = PBXBuildFile; fileRef = 924235F529AB7F5400341428 /* TasksTableViewController.swift */; };
		924235FE29AB8FF000341428 /* UserDetailsViewController.swift in Sources */ = {isa = PBXBuildFile; fileRef = 924235FD29AB8FEF00341428 /* UserDetailsViewController.swift */; };
		92476E0129AFD6FC00941C9D /* Constants.swift in Sources */ = {isa = PBXBuildFile; fileRef = 92476E0029AFD6FC00941C9D /* Constants.swift */; };
		927665A029B1AFDE0049C377 /* UserManager.swift in Sources */ = {isa = PBXBuildFile; fileRef = 9276659F29B1AFDE0049C377 /* UserManager.swift */; };
		927665A229B1AFF70049C377 /* TasksManager.swift in Sources */ = {isa = PBXBuildFile; fileRef = 927665A129B1AFF70049C377 /* TasksManager.swift */; };
		9278A63229AB45550095102D /* AppDelegate.swift in Sources */ = {isa = PBXBuildFile; fileRef = 9278A63129AB45550095102D /* AppDelegate.swift */; };
		9278A63429AB45550095102D /* SceneDelegate.swift in Sources */ = {isa = PBXBuildFile; fileRef = 9278A63329AB45550095102D /* SceneDelegate.swift */; };
		9278A63629AB45550095102D /* ViewController.swift in Sources */ = {isa = PBXBuildFile; fileRef = 9278A63529AB45550095102D /* ViewController.swift */; };
		9278A63929AB45550095102D /* Main.storyboard in Resources */ = {isa = PBXBuildFile; fileRef = 9278A63729AB45550095102D /* Main.storyboard */; };
		9278A63B29AB45580095102D /* Assets.xcassets in Resources */ = {isa = PBXBuildFile; fileRef = 9278A63A29AB45580095102D /* Assets.xcassets */; };
		9278A63E29AB45580095102D /* LaunchScreen.storyboard in Resources */ = {isa = PBXBuildFile; fileRef = 9278A63C29AB45580095102D /* LaunchScreen.storyboard */; };
		928DB2E829ABA73B00313467 /* TaskDetailsViewController.swift in Sources */ = {isa = PBXBuildFile; fileRef = 928DB2E729ABA73B00313467 /* TaskDetailsViewController.swift */; };
		92D6024229AFBA6B00EE6F09 /* SwaggerAPI.swift in Sources */ = {isa = PBXBuildFile; fileRef = 92D6024129AFBA6B00EE6F09 /* SwaggerAPI.swift */; };
		92DE6A9029AFB08900FFF64C /* User.swift in Sources */ = {isa = PBXBuildFile; fileRef = 92DE6A8F29AFB08900FFF64C /* User.swift */; };
		92DE6A9229AFB0A700FFF64C /* Tasks.swift in Sources */ = {isa = PBXBuildFile; fileRef = 92DE6A9129AFB0A700FFF64C /* Tasks.swift */; };
		92DE6A9429AFB0C700FFF64C /* Task.swift in Sources */ = {isa = PBXBuildFile; fileRef = 92DE6A9329AFB0C700FFF64C /* Task.swift */; };
/* End PBXBuildFile section */

/* Begin PBXFileReference section */
		924235F529AB7F5400341428 /* TasksTableViewController.swift */ = {isa = PBXFileReference; lastKnownFileType = sourcecode.swift; path = TasksTableViewController.swift; sourceTree = "<group>"; };
		924235FD29AB8FEF00341428 /* UserDetailsViewController.swift */ = {isa = PBXFileReference; lastKnownFileType = sourcecode.swift; path = UserDetailsViewController.swift; sourceTree = "<group>"; };
		92476E0029AFD6FC00941C9D /* Constants.swift */ = {isa = PBXFileReference; lastKnownFileType = sourcecode.swift; path = Constants.swift; sourceTree = "<group>"; };
		9276659F29B1AFDE0049C377 /* UserManager.swift */ = {isa = PBXFileReference; lastKnownFileType = sourcecode.swift; path = UserManager.swift; sourceTree = "<group>"; };
		927665A129B1AFF70049C377 /* TasksManager.swift */ = {isa = PBXFileReference; lastKnownFileType = sourcecode.swift; path = TasksManager.swift; sourceTree = "<group>"; };
		9278A62E29AB45550095102D /* CAIOSTasksApp.app */ = {isa = PBXFileReference; explicitFileType = wrapper.application; includeInIndex = 0; path = CAIOSTasksApp.app; sourceTree = BUILT_PRODUCTS_DIR; };
		9278A63129AB45550095102D /* AppDelegate.swift */ = {isa = PBXFileReference; lastKnownFileType = sourcecode.swift; path = AppDelegate.swift; sourceTree = "<group>"; };
		9278A63329AB45550095102D /* SceneDelegate.swift */ = {isa = PBXFileReference; lastKnownFileType = sourcecode.swift; path = SceneDelegate.swift; sourceTree = "<group>"; };
		9278A63529AB45550095102D /* ViewController.swift */ = {isa = PBXFileReference; lastKnownFileType = sourcecode.swift; path = ViewController.swift; sourceTree = "<group>"; };
		9278A63829AB45550095102D /* Base */ = {isa = PBXFileReference; lastKnownFileType = file.storyboard; name = Base; path = Base.lproj/Main.storyboard; sourceTree = "<group>"; };
		9278A63A29AB45580095102D /* Assets.xcassets */ = {isa = PBXFileReference; lastKnownFileType = folder.assetcatalog; path = Assets.xcassets; sourceTree = "<group>"; };
		9278A63D29AB45580095102D /* Base */ = {isa = PBXFileReference; lastKnownFileType = file.storyboard; name = Base; path = Base.lproj/LaunchScreen.storyboard; sourceTree = "<group>"; };
		9278A63F29AB45580095102D /* Info.plist */ = {isa = PBXFileReference; lastKnownFileType = text.plist.xml; path = Info.plist; sourceTree = "<group>"; };
		928DB2E729ABA73B00313467 /* TaskDetailsViewController.swift */ = {isa = PBXFileReference; lastKnownFileType = sourcecode.swift; path = TaskDetailsViewController.swift; sourceTree = "<group>"; };
		92D6024129AFBA6B00EE6F09 /* SwaggerAPI.swift */ = {isa = PBXFileReference; lastKnownFileType = sourcecode.swift; path = SwaggerAPI.swift; sourceTree = "<group>"; };
		92DE6A8F29AFB08900FFF64C /* User.swift */ = {isa = PBXFileReference; lastKnownFileType = sourcecode.swift; path = User.swift; sourceTree = "<group>"; };
		92DE6A9129AFB0A700FFF64C /* Tasks.swift */ = {isa = PBXFileReference; lastKnownFileType = sourcecode.swift; path = Tasks.swift; sourceTree = "<group>"; };
		92DE6A9329AFB0C700FFF64C /* Task.swift */ = {isa = PBXFileReference; lastKnownFileType = sourcecode.swift; path = Task.swift; sourceTree = "<group>"; };
/* End PBXFileReference section */

/* Begin PBXFrameworksBuildPhase section */
		9278A62B29AB45550095102D /* Frameworks */ = {
			isa = PBXFrameworksBuildPhase;
			buildActionMask = 2147483647;
			files = (
			);
			runOnlyForDeploymentPostprocessing = 0;
		};
/* End PBXFrameworksBuildPhase section */

/* Begin PBXGroup section */
		9278A62529AB45550095102D = {
			isa = PBXGroup;
			children = (
				9278A63029AB45550095102D /* CAIOSTasksApp */,
				9278A62F29AB45550095102D /* Products */,
			);
			sourceTree = "<group>";
		};
		9278A62F29AB45550095102D /* Products */ = {
			isa = PBXGroup;
			children = (
				9278A62E29AB45550095102D /* CAIOSTasksApp.app */,
			);
			name = Products;
			sourceTree = "<group>";
		};
		9278A63029AB45550095102D /* CAIOSTasksApp */ = {
			isa = PBXGroup;
			children = (
				92D6024029AFB70900EE6F09 /* Controllers */,
				92D6023F29AFB6E100EE6F09 /* Structs */,
				9278A63129AB45550095102D /* AppDelegate.swift */,
				9278A63329AB45550095102D /* SceneDelegate.swift */,
				9278A63529AB45550095102D /* ViewController.swift */,
				92D6024129AFBA6B00EE6F09 /* SwaggerAPI.swift */,
				9278A63729AB45550095102D /* Main.storyboard */,
				9278A63A29AB45580095102D /* Assets.xcassets */,
				9278A63C29AB45580095102D /* LaunchScreen.storyboard */,
				9278A63F29AB45580095102D /* Info.plist */,
			);
			path = CAIOSTasksApp;
			sourceTree = "<group>";
		};
		92D6023F29AFB6E100EE6F09 /* Structs */ = {
			isa = PBXGroup;
			children = (
				92DE6A9129AFB0A700FFF64C /* Tasks.swift */,
				92DE6A9329AFB0C700FFF64C /* Task.swift */,
				92DE6A8F29AFB08900FFF64C /* User.swift */,
				92476E0029AFD6FC00941C9D /* Constants.swift */,
				9276659F29B1AFDE0049C377 /* UserManager.swift */,
				927665A129B1AFF70049C377 /* TasksManager.swift */,
			);
			path = Structs;
			sourceTree = "<group>";
		};
		92D6024029AFB70900EE6F09 /* Controllers */ = {
			isa = PBXGroup;
			children = (
				924235FD29AB8FEF00341428 /* UserDetailsViewController.swift */,
				928DB2E729ABA73B00313467 /* TaskDetailsViewController.swift */,
				924235F529AB7F5400341428 /* TasksTableViewController.swift */,
			);
			path = Controllers;
			sourceTree = "<group>";
		};
/* End PBXGroup section */

/* Begin PBXNativeTarget section */
		9278A62D29AB45550095102D /* CAIOSTasksApp */ = {
			isa = PBXNativeTarget;
			buildConfigurationList = 9278A64229AB45580095102D /* Build configuration list for PBXNativeTarget "CAIOSTasksApp" */;
			buildPhases = (
				9278A62A29AB45550095102D /* Sources */,
				9278A62B29AB45550095102D /* Frameworks */,
				9278A62C29AB45550095102D /* Resources */,
			);
			buildRules = (
			);
			dependencies = (
			);
			name = CAIOSTasksApp;
			productName = CAIOSTasksApp;
			productReference = 9278A62E29AB45550095102D /* CAIOSTasksApp.app */;
			productType = "com.apple.product-type.application";
		};
/* End PBXNativeTarget section */

/* Begin PBXProject section */
		9278A62629AB45550095102D /* Project object */ = {
			isa = PBXProject;
			attributes = {
				BuildIndependentTargetsInParallel = 1;
				LastSwiftUpdateCheck = 1410;
				LastUpgradeCheck = 1410;
				TargetAttributes = {
					9278A62D29AB45550095102D = {
						CreatedOnToolsVersion = 14.1;
					};
				};
			};
			buildConfigurationList = 9278A62929AB45550095102D /* Build configuration list for PBXProject "CAIOSTasksApp" */;
			compatibilityVersion = "Xcode 14.0";
			developmentRegion = en;
			hasScannedForEncodings = 0;
			knownRegions = (
				en,
				Base,
			);
			mainGroup = 9278A62529AB45550095102D;
			productRefGroup = 9278A62F29AB45550095102D /* Products */;
			projectDirPath = "";
			projectRoot = "";
			targets = (
				9278A62D29AB45550095102D /* CAIOSTasksApp */,
			);
		};
/* End PBXProject section */

/* Begin PBXResourcesBuildPhase section */
		9278A62C29AB45550095102D /* Resources */ = {
			isa = PBXResourcesBuildPhase;
			buildActionMask = 2147483647;
			files = (
				9278A63E29AB45580095102D /* LaunchScreen.storyboard in Resources */,
				9278A63B29AB45580095102D /* Assets.xcassets in Resources */,
				9278A63929AB45550095102D /* Main.storyboard in Resources */,
			);
			runOnlyForDeploymentPostprocessing = 0;
		};
/* End PBXResourcesBuildPhase section */

/* Begin PBXSourcesBuildPhase section */
		9278A62A29AB45550095102D /* Sources */ = {
			isa = PBXSourcesBuildPhase;
			buildActionMask = 2147483647;
			files = (
				9278A63629AB45550095102D /* ViewController.swift in Sources */,
				927665A229B1AFF70049C377 /* TasksManager.swift in Sources */,
				92476E0129AFD6FC00941C9D /* Constants.swift in Sources */,
				924235FE29AB8FF000341428 /* UserDetailsViewController.swift in Sources */,
				9278A63229AB45550095102D /* AppDelegate.swift in Sources */,
				924235F629AB7F5400341428 /* TasksTableViewController.swift in Sources */,
				92DE6A9229AFB0A700FFF64C /* Tasks.swift in Sources */,
				927665A029B1AFDE0049C377 /* UserManager.swift in Sources */,
				928DB2E829ABA73B00313467 /* TaskDetailsViewController.swift in Sources */,
				9278A63429AB45550095102D /* SceneDelegate.swift in Sources */,
				92DE6A9429AFB0C700FFF64C /* Task.swift in Sources */,
				92DE6A9029AFB08900FFF64C /* User.swift in Sources */,
				92D6024229AFBA6B00EE6F09 /* SwaggerAPI.swift in Sources */,
			);
			runOnlyForDeploymentPostprocessing = 0;
		};
/* End PBXSourcesBuildPhase section */

/* Begin PBXVariantGroup section */
		9278A63729AB45550095102D /* Main.storyboard */ = {
			isa = PBXVariantGroup;
			children = (
				9278A63829AB45550095102D /* Base */,
			);
			name = Main.storyboard;
			sourceTree = "<group>";
		};
		9278A63C29AB45580095102D /* LaunchScreen.storyboard */ = {
			isa = PBXVariantGroup;
			children = (
				9278A63D29AB45580095102D /* Base */,
			);
			name = LaunchScreen.storyboard;
			sourceTree = "<group>";
		};
/* End PBXVariantGroup section */

/* Begin XCBuildConfiguration section */
		9278A64029AB45580095102D /* Debug */ = {
			isa = XCBuildConfiguration;
			buildSettings = {
				ALWAYS_SEARCH_USER_PATHS = NO;
				CLANG_ANALYZER_NONNULL = YES;
				CLANG_ANALYZER_NUMBER_OBJECT_CONVERSION = YES_AGGRESSIVE;
				CLANG_CXX_LANGUAGE_STANDARD = "gnu++20";
				CLANG_ENABLE_MODULES = YES;
				CLANG_ENABLE_OBJC_ARC = YES;
				CLANG_ENABLE_OBJC_WEAK = YES;
				CLANG_WARN_BLOCK_CAPTURE_AUTORELEASING = YES;
				CLANG_WARN_BOOL_CONVERSION = YES;
				CLANG_WARN_COMMA = YES;
				CLANG_WARN_CONSTANT_CONVERSION = YES;
				CLANG_WARN_DEPRECATED_OBJC_IMPLEMENTATIONS = YES;
				CLANG_WARN_DIRECT_OBJC_ISA_USAGE = YES_ERROR;
				CLANG_WARN_DOCUMENTATION_COMMENTS = YES;
				CLANG_WARN_EMPTY_BODY = YES;
				CLANG_WARN_ENUM_CONVERSION = YES;
				CLANG_WARN_INFINITE_RECURSION = YES;
				CLANG_WARN_INT_CONVERSION = YES;
				CLANG_WARN_NON_LITERAL_NULL_CONVERSION = YES;
				CLANG_WARN_OBJC_IMPLICIT_RETAIN_SELF = YES;
				CLANG_WARN_OBJC_LITERAL_CONVERSION = YES;
				CLANG_WARN_OBJC_ROOT_CLASS = YES_ERROR;
				CLANG_WARN_QUOTED_INCLUDE_IN_FRAMEWORK_HEADER = YES;
				CLANG_WARN_RANGE_LOOP_ANALYSIS = YES;
				CLANG_WARN_STRICT_PROTOTYPES = YES;
				CLANG_WARN_SUSPICIOUS_MOVE = YES;
				CLANG_WARN_UNGUARDED_AVAILABILITY = YES_AGGRESSIVE;
				CLANG_WARN_UNREACHABLE_CODE = YES;
				CLANG_WARN__DUPLICATE_METHOD_MATCH = YES;
				COPY_PHASE_STRIP = NO;
				DEBUG_INFORMATION_FORMAT = dwarf;
				ENABLE_STRICT_OBJC_MSGSEND = YES;
				ENABLE_TESTABILITY = YES;
				GCC_C_LANGUAGE_STANDARD = gnu11;
				GCC_DYNAMIC_NO_PIC = NO;
				GCC_NO_COMMON_BLOCKS = YES;
				GCC_OPTIMIZATION_LEVEL = 0;
				GCC_PREPROCESSOR_DEFINITIONS = (
					"DEBUG=1",
					"$(inherited)",
				);
				GCC_WARN_64_TO_32_BIT_CONVERSION = YES;
				GCC_WARN_ABOUT_RETURN_TYPE = YES_ERROR;
				GCC_WARN_UNDECLARED_SELECTOR = YES;
				GCC_WARN_UNINITIALIZED_AUTOS = YES_AGGRESSIVE;
				GCC_WARN_UNUSED_FUNCTION = YES;
				GCC_WARN_UNUSED_VARIABLE = YES;
				IPHONEOS_DEPLOYMENT_TARGET = 16.1;
				MTL_ENABLE_DEBUG_INFO = INCLUDE_SOURCE;
				MTL_FAST_MATH = YES;
				ONLY_ACTIVE_ARCH = YES;
				SDKROOT = iphoneos;
				SWIFT_ACTIVE_COMPILATION_CONDITIONS = DEBUG;
				SWIFT_OPTIMIZATION_LEVEL = "-Onone";
			};
			name = Debug;
		};
		9278A64129AB45580095102D /* Release */ = {
			isa = XCBuildConfiguration;
			buildSettings = {
				ALWAYS_SEARCH_USER_PATHS = NO;
				CLANG_ANALYZER_NONNULL = YES;
				CLANG_ANALYZER_NUMBER_OBJECT_CONVERSION = YES_AGGRESSIVE;
				CLANG_CXX_LANGUAGE_STANDARD = "gnu++20";
				CLANG_ENABLE_MODULES = YES;
				CLANG_ENABLE_OBJC_ARC = YES;
				CLANG_ENABLE_OBJC_WEAK = YES;
				CLANG_WARN_BLOCK_CAPTURE_AUTORELEASING = YES;
				CLANG_WARN_BOOL_CONVERSION = YES;
				CLANG_WARN_COMMA = YES;
				CLANG_WARN_CONSTANT_CONVERSION = YES;
				CLANG_WARN_DEPRECATED_OBJC_IMPLEMENTATIONS = YES;
				CLANG_WARN_DIRECT_OBJC_ISA_USAGE = YES_ERROR;
				CLANG_WARN_DOCUMENTATION_COMMENTS = YES;
				CLANG_WARN_EMPTY_BODY = YES;
				CLANG_WARN_ENUM_CONVERSION = YES;
				CLANG_WARN_INFINITE_RECURSION = YES;
				CLANG_WARN_INT_CONVERSION = YES;
				CLANG_WARN_NON_LITERAL_NULL_CONVERSION = YES;
				CLANG_WARN_OBJC_IMPLICIT_RETAIN_SELF = YES;
				CLANG_WARN_OBJC_LITERAL_CONVERSION = YES;
				CLANG_WARN_OBJC_ROOT_CLASS = YES_ERROR;
				CLANG_WARN_QUOTED_INCLUDE_IN_FRAMEWORK_HEADER = YES;
				CLANG_WARN_RANGE_LOOP_ANALYSIS = YES;
				CLANG_WARN_STRICT_PROTOTYPES = YES;
				CLANG_WARN_SUSPICIOUS_MOVE = YES;
				CLANG_WARN_UNGUARDED_AVAILABILITY = YES_AGGRESSIVE;
				CLANG_WARN_UNREACHABLE_CODE = YES;
				CLANG_WARN__DUPLICATE_METHOD_MATCH = YES;
				COPY_PHASE_STRIP = NO;
				DEBUG_INFORMATION_FORMAT = "dwarf-with-dsym";
				ENABLE_NS_ASSERTIONS = NO;
				ENABLE_STRICT_OBJC_MSGSEND = YES;
				GCC_C_LANGUAGE_STANDARD = gnu11;
				GCC_NO_COMMON_BLOCKS = YES;
				GCC_WARN_64_TO_32_BIT_CONVERSION = YES;
				GCC_WARN_ABOUT_RETURN_TYPE = YES_ERROR;
				GCC_WARN_UNDECLARED_SELECTOR = YES;
				GCC_WARN_UNINITIALIZED_AUTOS = YES_AGGRESSIVE;
				GCC_WARN_UNUSED_FUNCTION = YES;
				GCC_WARN_UNUSED_VARIABLE = YES;
				IPHONEOS_DEPLOYMENT_TARGET = 16.1;
				MTL_ENABLE_DEBUG_INFO = NO;
				MTL_FAST_MATH = YES;
				SDKROOT = iphoneos;
				SWIFT_COMPILATION_MODE = wholemodule;
				SWIFT_OPTIMIZATION_LEVEL = "-O";
				VALIDATE_PRODUCT = YES;
			};
			name = Release;
		};
		9278A64329AB45580095102D /* Debug */ = {
			isa = XCBuildConfiguration;
			buildSettings = {
				ASSETCATALOG_COMPILER_APPICON_NAME = AppIcon;
				ASSETCATALOG_COMPILER_GLOBAL_ACCENT_COLOR_NAME = AccentColor;
				CODE_SIGN_STYLE = Automatic;
				CURRENT_PROJECT_VERSION = 1;
				GENERATE_INFOPLIST_FILE = YES;
				INFOPLIST_FILE = CAIOSTasksApp/Info.plist;
				INFOPLIST_KEY_UIApplicationSupportsIndirectInputEvents = YES;
				INFOPLIST_KEY_UILaunchStoryboardName = LaunchScreen;
				INFOPLIST_KEY_UIMainStoryboardFile = Main;
				INFOPLIST_KEY_UISupportedInterfaceOrientations = UIInterfaceOrientationPortrait;
				IPHONEOS_DEPLOYMENT_TARGET = 15.6;
				LD_RUNPATH_SEARCH_PATHS = (
					"$(inherited)",
					"@executable_path/Frameworks",
				);
				MARKETING_VERSION = 1.0;
				PRODUCT_BUNDLE_IDENTIFIER = com.rero.CAIOSTasksApp;
				PRODUCT_NAME = "$(TARGET_NAME)";
				SUPPORTED_PLATFORMS = "iphoneos iphonesimulator";
				SUPPORTS_MACCATALYST = NO;
				SUPPORTS_MAC_DESIGNED_FOR_IPHONE_IPAD = NO;
				SWIFT_EMIT_LOC_STRINGS = YES;
				SWIFT_VERSION = 5.0;
				TARGETED_DEVICE_FAMILY = "1,2";
			};
			name = Debug;
		};
		9278A64429AB45580095102D /* Release */ = {
			isa = XCBuildConfiguration;
			buildSettings = {
				ASSETCATALOG_COMPILER_APPICON_NAME = AppIcon;
				ASSETCATALOG_COMPILER_GLOBAL_ACCENT_COLOR_NAME = AccentColor;
				CODE_SIGN_STYLE = Automatic;
				CURRENT_PROJECT_VERSION = 1;
				GENERATE_INFOPLIST_FILE = YES;
				INFOPLIST_FILE = CAIOSTasksApp/Info.plist;
				INFOPLIST_KEY_UIApplicationSupportsIndirectInputEvents = YES;
				INFOPLIST_KEY_UILaunchStoryboardName = LaunchScreen;
				INFOPLIST_KEY_UIMainStoryboardFile = Main;
				INFOPLIST_KEY_UISupportedInterfaceOrientations = UIInterfaceOrientationPortrait;
				IPHONEOS_DEPLOYMENT_TARGET = 15.6;
				LD_RUNPATH_SEARCH_PATHS = (
					"$(inherited)",
					"@executable_path/Frameworks",
				);
				MARKETING_VERSION = 1.0;
				PRODUCT_BUNDLE_IDENTIFIER = com.rero.CAIOSTasksApp;
				PRODUCT_NAME = "$(TARGET_NAME)";
				SUPPORTED_PLATFORMS = "iphoneos iphonesimulator";
				SUPPORTS_MACCATALYST = NO;
				SUPPORTS_MAC_DESIGNED_FOR_IPHONE_IPAD = NO;
				SWIFT_EMIT_LOC_STRINGS = YES;
				SWIFT_VERSION = 5.0;
				TARGETED_DEVICE_FAMILY = "1,2";
			};
			name = Release;
		};
/* End XCBuildConfiguration section */

/* Begin XCConfigurationList section */
		9278A62929AB45550095102D /* Build configuration list for PBXProject "CAIOSTasksApp" */ = {
			isa = XCConfigurationList;
			buildConfigurations = (
				9278A64029AB45580095102D /* Debug */,
				9278A64129AB45580095102D /* Release */,
			);
			defaultConfigurationIsVisible = 0;
			defaultConfigurationName = Release;
		};
		9278A64229AB45580095102D /* Build configuration list for PBXNativeTarget "CAIOSTasksApp" */ = {
			isa = XCConfigurationList;
			buildConfigurations = (
				9278A64329AB45580095102D /* Debug */,
				9278A64429AB45580095102D /* Release */,
			);
			defaultConfigurationIsVisible = 0;
			defaultConfigurationName = Release;
		};
/* End XCConfigurationList section */
	};
	rootObject = 9278A62629AB45550095102D /* Project object */;
}
